
Microsoft Visual Studio Solution File, Format Version 12.00
# Visual Studio Version 17
VisualStudioVersion = 17.6.33829.357
MinimumVisualStudioVersion = 10.0.40219.1
Project("{FAE04EC0-301F-11D3-BF4B-00C04F79EFBC}") = "uft.datetime", "uft.datetime\uft.datetime.csproj", "{720A8021-DA65-46D9-B193-B45E628F36FE}"
EndProject
Global
	GlobalSection(SolutionConfigurationPlatforms) = preSolution
		Debug|Any CPU = Debug|Any CPU
		Release|Any CPU = Release|Any CPU
	EndGlobalSection
	GlobalSection(ProjectConfigurationPlatforms) = postSolution
		{720A8021-DA65-46D9-B193-B45E628F36FE}.Debug|Any CPU.ActiveCfg = Debug|Any CPU
		{720A8021-DA65-46D9-B193-B45E628F36FE}.Debug|Any CPU.Build.0 = Debug|Any CPU
		{720A8021-DA65-46D9-B193-B45E628F36FE}.Release|Any CPU.ActiveCfg = Release|Any CPU
		{720A8021-DA65-46D9-B193-B45E628F36FE}.Release|Any CPU.Build.0 = Release|Any CPU
	EndGlobalSection
	GlobalSection(SolutionProperties) = preSolution
		HideSolutionNode = FALSE
	EndGlobalSection
	GlobalSection(ExtensibilityGlobals) = postSolution
		SolutionGuid = {2A072C36-C844-4680-8FD1-B2CFB7FB6B1C}
	EndGlobalSection
EndGlobal
